// !$*UTF8*$!
{
	archiveVersion = 1;
	classes = {
	};
	objectVersion = 46;
	objects = {

/* Begin PBXBuildFile section */
		3444CB461A6170DB00595450 /* main.m in Sources */ = {isa = PBXBuildFile; fileRef = 3444CB451A6170DB00595450 /* main.m */; };
		3444CB491A6170DB00595450 /* AppDelegate.m in Sources */ = {isa = PBXBuildFile; fileRef = 3444CB481A6170DB00595450 /* AppDelegate.m */; };
		3444CB4C1A6170DB00595450 /* ViewController.m in Sources */ = {isa = PBXBuildFile; fileRef = 3444CB4B1A6170DB00595450 /* ViewController.m */; };
		3444CB4F1A6170DB00595450 /* Main.storyboard in Resources */ = {isa = PBXBuildFile; fileRef = 3444CB4D1A6170DB00595450 /* Main.storyboard */; };
		3444CB511A6170DB00595450 /* Images.xcassets in Resources */ = {isa = PBXBuildFile; fileRef = 3444CB501A6170DB00595450 /* Images.xcassets */; };
		3444CB541A6170DB00595450 /* LaunchScreen.xib in Resources */ = {isa = PBXBuildFile; fileRef = 3444CB521A6170DB00595450 /* LaunchScreen.xib */; };
		3444CB601A6170DB00595450 /* SelfSizingCellsTests.m in Sources */ = {isa = PBXBuildFile; fileRef = 3444CB5F1A6170DB00595450 /* SelfSizingCellsTests.m */; };
		3444CB6B1A61786900595450 /* TableViewCell.m in Sources */ = {isa = PBXBuildFile; fileRef = 3444CB6A1A61786900595450 /* TableViewCell.m */; };
		3444CB6E1A61831D00595450 /* NSIndexPath+USGNSStringValue.m in Sources */ = {isa = PBXBuildFile; fileRef = 3444CB6D1A61831D00595450 /* NSIndexPath+USGNSStringValue.m */; };
/* End PBXBuildFile section */

/* Begin PBXContainerItemProxy section */
		3444CB5A1A6170DB00595450 /* PBXContainerItemProxy */ = {
			isa = PBXContainerItemProxy;
			containerPortal = 3444CB381A6170DB00595450 /* Project object */;
			proxyType = 1;
			remoteGlobalIDString = 3444CB3F1A6170DB00595450;
			remoteInfo = SelfSizingCells;
		};
/* End PBXContainerItemProxy section */

/* Begin PBXFileReference section */
		3444CB401A6170DB00595450 /* SelfSizingCells.app */ = {isa = PBXFileReference; explicitFileType = wrapper.application; includeInIndex = 0; path = SelfSizingCells.app; sourceTree = BUILT_PRODUCTS_DIR; };
		3444CB441A6170DB00595450 /* Info.plist */ = {isa = PBXFileReference; lastKnownFileType = text.plist.xml; path = Info.plist; sourceTree = "<group>"; };
		3444CB451A6170DB00595450 /* main.m */ = {isa = PBXFileReference; lastKnownFileType = sourcecode.c.objc; path = main.m; sourceTree = "<group>"; };
		3444CB471A6170DB00595450 /* AppDelegate.h */ = {isa = PBXFileReference; lastKnownFileType = sourcecode.c.h; path = AppDelegate.h; sourceTree = "<group>"; };
		3444CB481A6170DB00595450 /* AppDelegate.m */ = {isa = PBXFileReference; lastKnownFileType = sourcecode.c.objc; path = AppDelegate.m; sourceTree = "<group>"; };
		3444CB4A1A6170DB00595450 /* ViewController.h */ = {isa = PBXFileReference; lastKnownFileType = sourcecode.c.h; path = ViewController.h; sourceTree = "<group>"; };
		3444CB4B1A6170DB00595450 /* ViewController.m */ = {isa = PBXFileReference; lastKnownFileType = sourcecode.c.objc; path = ViewController.m; sourceTree = "<group>"; };
		3444CB4E1A6170DB00595450 /* Base */ = {isa = PBXFileReference; lastKnownFileType = file.storyboard; name = Base; path = Base.lproj/Main.storyboard; sourceTree = "<group>"; };
		3444CB501A6170DB00595450 /* Images.xcassets */ = {isa = PBXFileReference; lastKnownFileType = folder.assetcatalog; path = Images.xcassets; sourceTree = "<group>"; };
		3444CB531A6170DB00595450 /* Base */ = {isa = PBXFileReference; lastKnownFileType = file.xib; name = Base; path = Base.lproj/LaunchScreen.xib; sourceTree = "<group>"; };
		3444CB591A6170DB00595450 /* SelfSizingCellsTests.xctest */ = {isa = PBXFileReference; explicitFileType = wrapper.cfbundle; includeInIndex = 0; path = SelfSizingCellsTests.xctest; sourceTree = BUILT_PRODUCTS_DIR; };
		3444CB5E1A6170DB00595450 /* Info.plist */ = {isa = PBXFileReference; lastKnownFileType = text.plist.xml; path = Info.plist; sourceTree = "<group>"; };
		3444CB5F1A6170DB00595450 /* SelfSizingCellsTests.m */ = {isa = PBXFileReference; lastKnownFileType = sourcecode.c.objc; path = SelfSizingCellsTests.m; sourceTree = "<group>"; };
		3444CB691A61786900595450 /* TableViewCell.h */ = {isa = PBXFileReference; fileEncoding = 4; lastKnownFileType = sourcecode.c.h; path = TableViewCell.h; sourceTree = "<group>"; };
		3444CB6A1A61786900595450 /* TableViewCell.m */ = {isa = PBXFileReference; fileEncoding = 4; lastKnownFileType = sourcecode.c.objc; path = TableViewCell.m; sourceTree = "<group>"; };
		3444CB6C1A61831D00595450 /* NSIndexPath+USGNSStringValue.h */ = {isa = PBXFileReference; fileEncoding = 4; lastKnownFileType = sourcecode.c.h; path = "NSIndexPath+USGNSStringValue.h"; sourceTree = "<group>"; };
		3444CB6D1A61831D00595450 /* NSIndexPath+USGNSStringValue.m */ = {isa = PBXFileReference; fileEncoding = 4; lastKnownFileType = sourcecode.c.objc; path = "NSIndexPath+USGNSStringValue.m"; sourceTree = "<group>"; };
/* End PBXFileReference section */

/* Begin PBXFrameworksBuildPhase section */
		3444CB3D1A6170DB00595450 /* Frameworks */ = {
			isa = PBXFrameworksBuildPhase;
			buildActionMask = 2147483647;
			files = (
			);
			runOnlyForDeploymentPostprocessing = 0;
		};
		3444CB561A6170DB00595450 /* Frameworks */ = {
			isa = PBXFrameworksBuildPhase;
			buildActionMask = 2147483647;
			files = (
			);
			runOnlyForDeploymentPostprocessing = 0;
		};
/* End PBXFrameworksBuildPhase section */

/* Begin PBXGroup section */
		3444CB371A6170DB00595450 = {
			isa = PBXGroup;
			children = (
				3444CB421A6170DB00595450 /* SelfSizingCells */,
				3444CB5C1A6170DB00595450 /* SelfSizingCellsTests */,
				3444CB411A6170DB00595450 /* Products */,
			);
			sourceTree = "<group>";
		};
		3444CB411A6170DB00595450 /* Products */ = {
			isa = PBXGroup;
			children = (
				3444CB401A6170DB00595450 /* SelfSizingCells.app */,
				3444CB591A6170DB00595450 /* SelfSizingCellsTests.xctest */,
			);
			name = Products;
			sourceTree = "<group>";
		};
		3444CB421A6170DB00595450 /* SelfSizingCells */ = {
			isa = PBXGroup;
			children = (
				3444CB471A6170DB00595450 /* AppDelegate.h */,
				3444CB481A6170DB00595450 /* AppDelegate.m */,
				3444CB4A1A6170DB00595450 /* ViewController.h */,
				3444CB4B1A6170DB00595450 /* ViewController.m */,
				3444CB691A61786900595450 /* TableViewCell.h */,
				3444CB6A1A61786900595450 /* TableViewCell.m */,
				3444CB6C1A61831D00595450 /* NSIndexPath+USGNSStringValue.h */,
				3444CB6D1A61831D00595450 /* NSIndexPath+USGNSStringValue.m */,
				3444CB4D1A6170DB00595450 /* Main.storyboard */,
				3444CB501A6170DB00595450 /* Images.xcassets */,
				3444CB521A6170DB00595450 /* LaunchScreen.xib */,
				3444CB431A6170DB00595450 /* Supporting Files */,
			);
			path = SelfSizingCells;
			sourceTree = "<group>";
		};
		3444CB431A6170DB00595450 /* Supporting Files */ = {
			isa = PBXGroup;
			children = (
				3444CB441A6170DB00595450 /* Info.plist */,
				3444CB451A6170DB00595450 /* main.m */,
			);
			name = "Supporting Files";
			sourceTree = "<group>";
		};
		3444CB5C1A6170DB00595450 /* SelfSizingCellsTests */ = {
			isa = PBXGroup;
			children = (
				3444CB5F1A6170DB00595450 /* SelfSizingCellsTests.m */,
				3444CB5D1A6170DB00595450 /* Supporting Files */,
			);
			path = SelfSizingCellsTests;
			sourceTree = "<group>";
		};
		3444CB5D1A6170DB00595450 /* Supporting Files */ = {
			isa = PBXGroup;
			children = (
				3444CB5E1A6170DB00595450 /* Info.plist */,
			);
			name = "Supporting Files";
			sourceTree = "<group>";
		};
/* End PBXGroup section */

/* Begin PBXNativeTarget section */
		3444CB3F1A6170DB00595450 /* SelfSizingCells */ = {
			isa = PBXNativeTarget;
			buildConfigurationList = 3444CB631A6170DB00595450 /* Build configuration list for PBXNativeTarget "SelfSizingCells" */;
			buildPhases = (
				3444CB3C1A6170DB00595450 /* Sources */,
				3444CB3D1A6170DB00595450 /* Frameworks */,
				3444CB3E1A6170DB00595450 /* Resources */,
			);
			buildRules = (
			);
			dependencies = (
			);
			name = SelfSizingCells;
			productName = SelfSizingCells;
			productReference = 3444CB401A6170DB00595450 /* SelfSizingCells.app */;
			productType = "com.apple.product-type.application";
		};
		3444CB581A6170DB00595450 /* SelfSizingCellsTests */ = {
			isa = PBXNativeTarget;
			buildConfigurationList = 3444CB661A6170DB00595450 /* Build configuration list for PBXNativeTarget "SelfSizingCellsTests" */;
			buildPhases = (
				3444CB551A6170DB00595450 /* Sources */,
				3444CB561A6170DB00595450 /* Frameworks */,
				3444CB571A6170DB00595450 /* Resources */,
			);
			buildRules = (
			);
			dependencies = (
				3444CB5B1A6170DB00595450 /* PBXTargetDependency */,
			);
			name = SelfSizingCellsTests;
			productName = SelfSizingCellsTests;
			productReference = 3444CB591A6170DB00595450 /* SelfSizingCellsTests.xctest */;
			productType = "com.apple.product-type.bundle.unit-test";
		};
/* End PBXNativeTarget section */

/* Begin PBXProject section */
		3444CB381A6170DB00595450 /* Project object */ = {
			isa = PBXProject;
			attributes = {
				LastUpgradeCheck = 0610;
				ORGANIZATIONNAME = M.Satori;
				TargetAttributes = {
					3444CB3F1A6170DB00595450 = {
						CreatedOnToolsVersion = 6.1;
					};
					3444CB581A6170DB00595450 = {
						CreatedOnToolsVersion = 6.1;
						TestTargetID = 3444CB3F1A6170DB00595450;
					};
				};
			};
			buildConfigurationList = 3444CB3B1A6170DB00595450 /* Build configuration list for PBXProject "SelfSizingCells" */;
			compatibilityVersion = "Xcode 3.2";
			developmentRegion = English;
			hasScannedForEncodings = 0;
			knownRegions = (
				en,
				Base,
			);
			mainGroup = 3444CB371A6170DB00595450;
			productRefGroup = 3444CB411A6170DB00595450 /* Products */;
			projectDirPath = "";
			projectRoot = "";
			targets = (
				3444CB3F1A6170DB00595450 /* SelfSizingCells */,
				3444CB581A6170DB00595450 /* SelfSizingCellsTests */,
			);
		};
/* End PBXProject section */

/* Begin PBXResourcesBuildPhase section */
		3444CB3E1A6170DB00595450 /* Resources */ = {
			isa = PBXResourcesBuildPhase;
			buildActionMask = 2147483647;
			files = (
				3444CB4F1A6170DB00595450 /* Main.storyboard in Resources */,
				3444CB541A6170DB00595450 /* LaunchScreen.xib in Resources */,
				3444CB511A6170DB00595450 /* Images.xcassets in Resources */,
			);
			runOnlyForDeploymentPostprocessing = 0;
		};
		3444CB571A6170DB00595450 /* Resources */ = {
			isa = PBXResourcesBuildPhase;
			buildActionMask = 2147483647;
			files = (
			);
			runOnlyForDeploymentPostprocessing = 0;
		};
/* End PBXResourcesBuildPhase section */

/* Begin PBXSourcesBuildPhase section */
		3444CB3C1A6170DB00595450 /* Sources */ = {
			isa = PBXSourcesBuildPhase;
			buildActionMask = 2147483647;
			files = (
				3444CB4C1A6170DB00595450 /* ViewController.m in Sources */,
				3444CB6B1A61786900595450 /* TableViewCell.m in Sources */,
				3444CB491A6170DB00595450 /* AppDelegate.m in Sources */,
				3444CB6E1A61831D00595450 /* NSIndexPath+USGNSStringValue.m in Sources */,
				3444CB461A6170DB00595450 /* main.m in Sources */,
			);
			runOnlyForDeploymentPostprocessing = 0;
		};
		3444CB551A6170DB00595450 /* Sources */ = {
			isa = PBXSourcesBuildPhase;
			buildActionMask = 2147483647;
			files = (
				3444CB601A6170DB00595450 /* SelfSizingCellsTests.m in Sources */,
			);
			runOnlyForDeploymentPostprocessing = 0;
		};
/* End PBXSourcesBuildPhase section */

/* Begin PBXTargetDependency section */
		3444CB5B1A6170DB00595450 /* PBXTargetDependency */ = {
			isa = PBXTargetDependency;
			target = 3444CB3F1A6170DB00595450 /* SelfSizingCells */;
			targetProxy = 3444CB5A1A6170DB00595450 /* PBXContainerItemProxy */;
		};
/* End PBXTargetDependency section */

/* Begin PBXVariantGroup section */
		3444CB4D1A6170DB00595450 /* Main.storyboard */ = {
			isa = PBXVariantGroup;
			children = (
				3444CB4E1A6170DB00595450 /* Base */,
			);
			name = Main.storyboard;
			sourceTree = "<group>";
		};
		3444CB521A6170DB00595450 /* LaunchScreen.xib */ = {
			isa = PBXVariantGroup;
			children = (
				3444CB531A6170DB00595450 /* Base */,
			);
			name = LaunchScreen.xib;
			sourceTree = "<group>";
		};
/* End PBXVariantGroup section */

/* Begin XCBuildConfiguration section */
		3444CB611A6170DB00595450 /* Debug */ = {
			isa = XCBuildConfiguration;
			buildSettings = {
				ALWAYS_SEARCH_USER_PATHS = NO;
				CLANG_CXX_LANGUAGE_STANDARD = "gnu++0x";
				CLANG_CXX_LIBRARY = "libc++";
				CLANG_ENABLE_MODULES = YES;
				CLANG_ENABLE_OBJC_ARC = YES;
				CLANG_WARN_BOOL_CONVERSION = YES;
				CLANG_WARN_CONSTANT_CONVERSION = YES;
				CLANG_WARN_DIRECT_OBJC_ISA_USAGE = YES_ERROR;
				CLANG_WARN_EMPTY_BODY = YES;
				CLANG_WARN_ENUM_CONVERSION = YES;
				CLANG_WARN_INT_CONVERSION = YES;
				CLANG_WARN_OBJC_ROOT_CLASS = YES_ERROR;
				CLANG_WARN_UNREACHABLE_CODE = YES;
				CLANG_WARN__DUPLICATE_METHOD_MATCH = YES;
				"CODE_SIGN_IDENTITY[sdk=iphoneos*]" = "iPhone Developer";
				COPY_PHASE_STRIP = NO;
				ENABLE_STRICT_OBJC_MSGSEND = YES;
				GCC_C_LANGUAGE_STANDARD = gnu99;
				GCC_DYNAMIC_NO_PIC = NO;
				GCC_OPTIMIZATION_LEVEL = 0;
				GCC_PREPROCESSOR_DEFINITIONS = (
					"DEBUG=1",
					"$(inherited)",
				);
				GCC_SYMBOLS_PRIVATE_EXTERN = NO;
				GCC_WARN_64_TO_32_BIT_CONVERSION = YES;
				GCC_WARN_ABOUT_RETURN_TYPE = YES_ERROR;
				GCC_WARN_UNDECLARED_SELECTOR = YES;
				GCC_WARN_UNINITIALIZED_AUTOS = YES_AGGRESSIVE;
				GCC_WARN_UNUSED_FUNCTION = YES;
				GCC_WARN_UNUSED_VARIABLE = YES;
				IPHONEOS_DEPLOYMENT_TARGET = 8.1;
				MTL_ENABLE_DEBUG_INFO = YES;
				ONLY_ACTIVE_ARCH = YES;
				SDKROOT = iphoneos;
				TARGETED_DEVICE_FAMILY = "1,2";
			};
			name = Debug;
		};
		3444CB621A6170DB00595450 /* Release */ = {
			isa = XCBuildConfiguration;
			buildSettings = {
				ALWAYS_SEARCH_USER_PATHS = NO;
				CLANG_CXX_LANGUAGE_STANDARD = "gnu++0x";
				CLANG_CXX_LIBRARY = "libc++";
				CLANG_ENABLE_MODULES = YES;
				CLANG_ENABLE_OBJC_ARC = YES;
				CLANG_WARN_BOOL_CONVERSION = YES;
				CLANG_WARN_CONSTANT_CONVERSION = YES;
				CLANG_WARN_DIRECT_OBJC_ISA_USAGE = YES_ERROR;
				CLANG_WARN_EMPTY_BODY = YES;
				CLANG_WARN_ENUM_CONVERSION = YES;
				CLANG_WARN_INT_CONVERSION = YES;
				CLANG_WARN_OBJC_ROOT_CLASS = YES_ERROR;
				CLANG_WARN_UNREACHABLE_CODE = YES;
				CLANG_WARN__DUPLICATE_METHOD_MATCH = YES;
				"CODE_SIGN_IDENTITY[sdk=iphoneos*]" = "iPhone Developer";
				COPY_PHASE_STRIP = YES;
				ENABLE_NS_ASSERTIONS = NO;
				ENABLE_STRICT_OBJC_MSGSEND = YES;
				GCC_C_LANGUAGE_STANDARD = gnu99;
				GCC_WARN_64_TO_32_BIT_CONVERSION = YES;
				GCC_WARN_ABOUT_RETURN_TYPE = YES_ERROR;
				GCC_WARN_UNDECLARED_SELECTOR = YES;
				GCC_WARN_UNINITIALIZED_AUTOS = YES_AGGRESSIVE;
				GCC_WARN_UNUSED_FUNCTION = YES;
				GCC_WARN_UNUSED_VARIABLE = YES;
				IPHONEOS_DEPLOYMENT_TARGET = 8.1;
				MTL_ENABLE_DEBUG_INFO = NO;
				SDKROOT = iphoneos;
				TARGETED_DEVICE_FAMILY = "1,2";
				VALIDATE_PRODUCT = YES;
			};
			name = Release;
		};
		3444CB641A6170DB00595450 /* Debug */ = {
			isa = XCBuildConfiguration;
			buildSettings = {
				ASSETCATALOG_COMPILER_APPICON_NAME = AppIcon;
				INFOPLIST_FILE = SelfSizingCells/Info.plist;
				LD_RUNPATH_SEARCH_PATHS = "$(inherited) @executable_path/Frameworks";
				PRODUCT_NAME = "$(TARGET_NAME)";
			};
			name = Debug;
		};
		3444CB651A6170DB00595450 /* Release */ = {
			isa = XCBuildConfiguration;
			buildSettings = {
				ASSETCATALOG_COMPILER_APPICON_NAME = AppIcon;
				INFOPLIST_FILE = SelfSizingCells/Info.plist;
				LD_RUNPATH_SEARCH_PATHS = "$(inherited) @executable_path/Frameworks";
				PRODUCT_NAME = "$(TARGET_NAME)";
			};
			name = Release;
		};
		3444CB671A6170DB00595450 /* Debug */ = {
			isa = XCBuildConfiguration;
			buildSettings = {
				BUNDLE_LOADER = "$(TEST_HOST)";
				FRAMEWORK_SEARCH_PATHS = (
					"$(SDKROOT)/Developer/Library/Frameworks",
					"$(inherited)",
				);
				GCC_PREPROCESSOR_DEFINITIONS = (
					"DEBUG=1",
					"$(inherited)",
				);
				INFOPLIST_FILE = SelfSizingCellsTests/Info.plist;
				LD_RUNPATH_SEARCH_PATHS = "$(inherited) @executable_path/Frameworks @loader_path/Frameworks";
				PRODUCT_NAME = "$(TARGET_NAME)";
				TEST_HOST = "$(BUILT_PRODUCTS_DIR)/SelfSizingCells.app/SelfSizingCells";
			};
			name = Debug;
		};
		3444CB681A6170DB00595450 /* Release */ = {
			isa = XCBuildConfiguration;
			buildSettings = {
				BUNDLE_LOADER = "$(TEST_HOST)";
				FRAMEWORK_SEARCH_PATHS = (
					"$(SDKROOT)/Developer/Library/Frameworks",
					"$(inherited)",
				);
				INFOPLIST_FILE = SelfSizingCellsTests/Info.plist;
				LD_RUNPATH_SEARCH_PATHS = "$(inherited) @executable_path/Frameworks @loader_path/Frameworks";
				PRODUCT_NAME = "$(TARGET_NAME)";
				TEST_HOST = "$(BUILT_PRODUCTS_DIR)/SelfSizingCells.app/SelfSizingCells";
			};
			name = Release;
		};
/* End XCBuildConfiguration section */

/* Begin XCConfigurationList section */
		3444CB3B1A6170DB00595450 /* Build configuration list for PBXProject "SelfSizingCells" */ = {
			isa = XCConfigurationList;
			buildConfigurations = (
				3444CB611A6170DB00595450 /* Debug */,
				3444CB621A6170DB00595450 /* Release */,
			);
			defaultConfigurationIsVisible = 0;
			defaultConfigurationName = Release;
		};
		3444CB631A6170DB00595450 /* Build configuration list for PBXNativeTarget "SelfSizingCells" */ = {
			isa = XCConfigurationList;
			buildConfigurations = (
				3444CB641A6170DB00595450 /* Debug */,
				3444CB651A6170DB00595450 /* Release */,
			);
			defaultConfigurationIsVisible = 0;
			defaultConfigurationName = Release;
		};
		3444CB661A6170DB00595450 /* Build configuration list for PBXNativeTarget "SelfSizingCellsTests" */ = {
			isa = XCConfigurationList;
			buildConfigurations = (
				3444CB671A6170DB00595450 /* Debug */,
				3444CB681A6170DB00595450 /* Release */,
			);
			defaultConfigurationIsVisible = 0;
			defaultConfigurationName = Release;
		};
/* End XCConfigurationList section */
	};
	rootObject = 3444CB381A6170DB00595450 /* Project object */;
}
